
Microsoft Visual Studio Solution File, Format Version 12.00
Project("{FAE04EC0-301F-11D3-BF4B-00C04F79EFBC}") = "Core", "Core\Core.csproj", "{5CB42470-B150-4278-88F8-593F8A8CBA9B}"
EndProject
Project("{FAE04EC0-301F-11D3-BF4B-00C04F79EFBC}") = "Core.Tests", "Core.Tests\Core.Tests.csproj", "{B6D882FD-8300-4E2C-913E-48971EF1ADC3}"
EndProject
Global
	GlobalSection(SolutionConfigurationPlatforms) = preSolution
		Debug|Any CPU = Debug|Any CPU
		Release|Any CPU = Release|Any CPU
	EndGlobalSection
	GlobalSection(ProjectConfigurationPlatforms) = postSolution
		{5CB42470-B150-4278-88F8-593F8A8CBA9B}.Debug|Any CPU.ActiveCfg = Debug|Any CPU
		{5CB42470-B150-4278-88F8-593F8A8CBA9B}.Debug|Any CPU.Build.0 = Debug|Any CPU
		{5CB42470-B150-4278-88F8-593F8A8CBA9B}.Release|Any CPU.ActiveCfg = Release|Any CPU
		{5CB42470-B150-4278-88F8-593F8A8CBA9B}.Release|Any CPU.Build.0 = Release|Any CPU
		{B6D882FD-8300-4E2C-913E-48971EF1ADC3}.Debug|Any CPU.ActiveCfg = Debug|Any CPU
		{B6D882FD-8300-4E2C-913E-48971EF1ADC3}.Debug|Any CPU.Build.0 = Debug|Any CPU
		{B6D882FD-8300-4E2C-913E-48971EF1ADC3}.Release|Any CPU.ActiveCfg = Release|Any CPU
		{B6D882FD-8300-4E2C-913E-48971EF1ADC3}.Release|Any CPU.Build.0 = Release|Any CPU
	EndGlobalSection
EndGlobal
